
Microsoft Visual Studio Solution File, Format Version 12.00
# Visual Studio Version 16
VisualStudioVersion = 16.0.32228.343
MinimumVisualStudioVersion = 10.0.40219.1
Project("{159641D6-6404-4A2A-AE62-294DE0FE8301}") = "02_FlujodeDatos", "02_FlujodeDatos.dtproj", "{AC3FD878-9D19-4085-9FB8-11928784BE09}"
EndProject
Global
	GlobalSection(SolutionConfigurationPlatforms) = preSolution
		Development|Default = Development|Default
	EndGlobalSection
	GlobalSection(ProjectConfigurationPlatforms) = postSolution
		{AC3FD878-9D19-4085-9FB8-11928784BE09}.Development|Default.ActiveCfg = Development
		{AC3FD878-9D19-4085-9FB8-11928784BE09}.Development|Default.Build.0 = Development
	EndGlobalSection
	GlobalSection(SolutionProperties) = preSolution
		HideSolutionNode = FALSE
	EndGlobalSection
	GlobalSection(ExtensibilityGlobals) = postSolution
		SolutionGuid = {43E9F2F8-844E-4AF3-BDCC-4A24D9455071}
	EndGlobalSection
EndGlobal
